
Microsoft Visual Studio Solution File, Format Version 12.00
# Visual Studio 2012
Project("{FAE04EC0-301F-11D3-BF4B-00C04F79EFBC}") = "SistemaClientes", "SistemaClientes\SistemaClientes.csproj", "{468F4D7B-6148-46DF-B36F-9B110878DE58}"
EndProject
Project("{FAE04EC0-301F-11D3-BF4B-00C04F79EFBC}") = "Dados", "..\Dados\Dados\Dados.csproj", "{72A4EDF6-9D16-4D53-A99A-E8B6EDEA9CFC}"
EndProject
Global
	GlobalSection(SolutionConfigurationPlatforms) = preSolution
		Debug|Any CPU = Debug|Any CPU
		Release|Any CPU = Release|Any CPU
	EndGlobalSection
	GlobalSection(ProjectConfigurationPlatforms) = postSolution
		{468F4D7B-6148-46DF-B36F-9B110878DE58}.Debug|Any CPU.ActiveCfg = Debug|Any CPU
		{468F4D7B-6148-46DF-B36F-9B110878DE58}.Debug|Any CPU.Build.0 = Debug|Any CPU
		{468F4D7B-6148-46DF-B36F-9B110878DE58}.Release|Any CPU.ActiveCfg = Release|Any CPU
		{468F4D7B-6148-46DF-B36F-9B110878DE58}.Release|Any CPU.Build.0 = Release|Any CPU
		{72A4EDF6-9D16-4D53-A99A-E8B6EDEA9CFC}.Debug|Any CPU.ActiveCfg = Debug|Any CPU
		{72A4EDF6-9D16-4D53-A99A-E8B6EDEA9CFC}.Debug|Any CPU.Build.0 = Debug|Any CPU
		{72A4EDF6-9D16-4D53-A99A-E8B6EDEA9CFC}.Release|Any CPU.ActiveCfg = Release|Any CPU
		{72A4EDF6-9D16-4D53-A99A-E8B6EDEA9CFC}.Release|Any CPU.Build.0 = Release|Any CPU
	EndGlobalSection
	GlobalSection(SolutionProperties) = preSolution
		HideSolutionNode = FALSE
	EndGlobalSection
EndGlobal
